<?xml version="1.0" encoding="utf-8"?>
<Project ToolsVersion="4.0" xmlns="http://schemas.microsoft.com/developer/msbuild/2003">
  <ItemGroup>
    <Filter Include="Source Files">
      <UniqueIdentifier>{4FC737F1-C7A5-4376-A066-2A32D752A2FF}</UniqueIdentifier>
      <Extensions>cpp;c;cc;cxx;c++;cppm;ixx;def;odl;idl;hpj;bat;asm;asmx</Extensions>
    </Filter>
    <Filter Include="Header Files">
      <UniqueIdentifier>{93995380-89BD-4b04-88EB-625FBE52EBFB}</UniqueIdentifier>
      <Extensions>h;hh;hpp;hxx;h++;hm;inl;inc;ipp;xsd</Extensions>
    </Filter>
    <Filter Include="Resource Files">
      <UniqueIdentifier>{67DA6AB6-F800-4c08-8B7A-83BB121AAD01}</UniqueIdentifier>
      <Extensions>rc;ico;cur;bmp;dlg;rc2;rct;bin;rgs;gif;jpg;jpeg;jpe;resx;tiff;tif;png;wav;mfcribbon-ms</Extensions>
    </Filter>
  </ItemGroup>
  <ItemGroup>
    <ClCompile Include="Galaga.cpp">
      <Filter>Source Files</Filter>
    </ClCompile>
    <ClCompile Include="main.cpp">
      <Filter>Source Files</Filter>
    </ClCompile>
    <ClCompile Include="Game components\BackgroundComponent.cpp">
      <Filter>Source Files</Filter>
    </ClCompile>
    <ClCompile Include="Game components\Enemy components\BeeComponent.cpp">
      <Filter>Source Files</Filter>
    </ClCompile>
    <ClCompile Include="Game components\Enemy components\BossGalagaComponent.cpp">
      <Filter>Source Files</Filter>
    </ClCompile>
    <ClCompile Include="GameCommands.cpp">
      <Filter>Source Files</Filter>
    </ClCompile>
    <ClCompile Include="Initializers.cpp">
      <Filter>Source Files</Filter>
    </ClCompile>
    <ClCompile Include="Game observers\BulletObserver.cpp">
      <Filter>Source Files</Filter>
    </ClCompile>
    <ClCompile Include="Game observers\EnemyObserver.cpp">
      <Filter>Source Files</Filter>
    </ClCompile>
    <ClCompile Include="Game observers\FighterObserver.cpp">
      <Filter>Source Files</Filter>
    </ClCompile>
    <ClCompile Include="Game observers\ScoreManager.cpp">
      <Filter>Source Files</Filter>
    </ClCompile>
    <ClCompile Include="Game components\BulletComponent.cpp">
      <Filter>Source Files</Filter>
    </ClCompile>
    <ClCompile Include="Game components\FormationComponent.cpp">
      <Filter>Source Files</Filter>
    </ClCompile>
    <ClCompile Include="Game components\PlayerComponent.cpp">
      <Filter>Source Files</Filter>
    </ClCompile>
    <ClCompile Include="Game components\Enemy components\ButterflyComponent.cpp">
      <Filter>Source Files</Filter>
    </ClCompile>
    <ClCompile Include="Game components\Enemy components\EnemyComponent.cpp">
      <Filter>Source Files</Filter>
    </ClCompile>
    <ClCompile Include="Trajectory Logic\Trajectory.cpp">
      <Filter>Source Files</Filter>
    </ClCompile>
    <ClCompile Include="Trajectory Logic\TrajectoryStates.cpp">
      <Filter>Source Files</Filter>
    </ClCompile>
    <ClCompile Include="Enemy States\BossBombingRunState.cpp">
      <Filter>Source Files</Filter>
    </ClCompile>
    <ClCompile Include="Enemy States\ButterflyBombingRunState.cpp">
      <Filter>Source Files</Filter>
    </ClCompile>
    <ClCompile Include="Enemy States\GetInFormationState.cpp">
      <Filter>Source Files</Filter>
    </ClCompile>
    <ClCompile Include="Enemy States\IdleState.cpp">
      <Filter>Source Files</Filter>
    </ClCompile>
    <ClCompile Include="Game components\Enemy components\EnemyBulletComponent.cpp">
      <Filter>Source Files</Filter>
    </ClCompile>
    <ClCompile Include="Game components\PlayerHealthComponent.cpp">
      <Filter>Source Files</Filter>
    </ClCompile>
    <ClCompile Include="Game observers\EnemyAIManager.cpp">
      <Filter>Source Files</Filter>
    </ClCompile>
    <ClCompile Include="Game observers\FormationObserver.cpp">
      <Filter>Source Files</Filter>
    </ClCompile>
    <ClCompile Include="Enemy States\BossStage.cpp">
      <Filter>Source Files</Filter>
    </ClCompile>
    <ClCompile Include="Game components\Enemy components\BeamComponent.cpp">
      <Filter>Source Files</Filter>
    </ClCompile>
    <ClCompile Include="Game components\FPSComponent.cpp">
      <Filter>Source Files</Filter>
    </ClCompile>
    <ClCompile Include="Enemy States\BombingRunState.cpp">
      <Filter>Source Files</Filter>
    </ClCompile>
    <ClCompile Include="Game components\CapturedFighterComponent.cpp">
      <Filter>Source Files</Filter>
    </ClCompile>
    <ClCompile Include="Game components\ScoreComponent.cpp">
      <Filter>Source Files</Filter>
    </ClCompile>
    <ClCompile Include="Game observers\EnemyAttacksObserver.cpp">
      <Filter>Source Files</Filter>
    </ClCompile>
    <ClCompile Include="RotatingSprite.cpp">
      <Filter>Source Files</Filter>
    </ClCompile>
  </ItemGroup>
  <ItemGroup>
    <ClInclude Include="Galaga.h">
      <Filter>Header Files</Filter>
    </ClInclude>
    <ClInclude Include="Game components\BackgroundComponent.h">
      <Filter>Header Files</Filter>
    </ClInclude>
    <ClInclude Include="Game components\Enemy components\BeeComponent.h">
      <Filter>Header Files</Filter>
    </ClInclude>
    <ClInclude Include="Game components\Enemy components\BossGalagaComponent.h">
      <Filter>Header Files</Filter>
    </ClInclude>
    <ClInclude Include="DataStructs.h">
      <Filter>Header Files</Filter>
    </ClInclude>
    <ClInclude Include="GameCommands.h">
      <Filter>Header Files</Filter>
    </ClInclude>
    <ClInclude Include="Initializers.h">
      <Filter>Header Files</Filter>
    </ClInclude>
    <ClInclude Include="Game observers\ScoreManager.h">
      <Filter>Header Files</Filter>
    </ClInclude>
    <ClInclude Include="Game observers\BulletObserver.h">
      <Filter>Header Files</Filter>
    </ClInclude>
    <ClInclude Include="Game observers\EnemyObserver.h">
      <Filter>Header Files</Filter>
    </ClInclude>
    <ClInclude Include="Game observers\FighterObserver.h">
      <Filter>Header Files</Filter>
    </ClInclude>
    <ClInclude Include="Game components\BulletComponent.h">
      <Filter>Header Files</Filter>
    </ClInclude>
    <ClInclude Include="Game components\FormationComponent.h">
      <Filter>Header Files</Filter>
    </ClInclude>
    <ClInclude Include="Game components\PlayerComponent.h">
      <Filter>Header Files</Filter>
    </ClInclude>
    <ClInclude Include="Game components\Enemy components\ButterflyComponent.h">
      <Filter>Header Files</Filter>
    </ClInclude>
    <ClInclude Include="Game components\Enemy components\EnemyComponent.h">
      <Filter>Header Files</Filter>
    </ClInclude>
    <ClInclude Include="Trajectory Logic\PathDataStruct.h">
      <Filter>Header Files</Filter>
    </ClInclude>
    <ClInclude Include="Trajectory Logic\Trajectory.h">
      <Filter>Header Files</Filter>
    </ClInclude>
    <ClInclude Include="Trajectory Logic\TrajectoryMath.h">
      <Filter>Header Files</Filter>
    </ClInclude>
    <ClInclude Include="Trajectory Logic\TrajectoryStates.h">
      <Filter>Header Files</Filter>
    </ClInclude>
    <ClInclude Include="Enemy States\BossStage.h">
      <Filter>Header Files</Filter>
    </ClInclude>
    <ClInclude Include="Enemy States\ButterflyBombingRunState.h">
      <Filter>Header Files</Filter>
    </ClInclude>
    <ClInclude Include="Enemy States\EnemyState.h">
      <Filter>Header Files</Filter>
    </ClInclude>
    <ClInclude Include="Enemy States\GetInFormationState.h">
      <Filter>Header Files</Filter>
    </ClInclude>
    <ClInclude Include="Enemy States\IdleState.h">
      <Filter>Header Files</Filter>
    </ClInclude>
    <ClInclude Include="Game components\Enemy components\EnemyBulletComponent.h">
      <Filter>Header Files</Filter>
    </ClInclude>
    <ClInclude Include="Game components\PlayerHealthComponent.h">
      <Filter>Header Files</Filter>
    </ClInclude>
    <ClInclude Include="Game observers\EnemyAIManager.h">
      <Filter>Header Files</Filter>
    </ClInclude>
    <ClInclude Include="Game observers\FormationObserver.h">
      <Filter>Header Files</Filter>
    </ClInclude>
    <ClInclude Include="Trajectory Logic\Parsers.h">
      <Filter>Header Files</Filter>
    </ClInclude>
    <ClInclude Include="Game components\Enemy components\BeamComponent.h">
      <Filter>Header Files</Filter>
    </ClInclude>
    <ClInclude Include="Game components\FPSComponent.h">
      <Filter>Header Files</Filter>
    </ClInclude>
    <ClInclude Include="Enemy States\BombingRunState.h">
      <Filter>Header Files</Filter>
    </ClInclude>
    <ClInclude Include="Enemy States\BossShootingBeamState.h">
      <Filter>Header Files</Filter>
    </ClInclude>
    <ClInclude Include="Game components\CapturedFighterComponent.h">
      <Filter>Header Files</Filter>
    </ClInclude>
    <ClInclude Include="Game components\ScoreComponent.h">
      <Filter>Header Files</Filter>
    </ClInclude>
    <ClInclude Include="Game observers\EnemyAttacksObserver.h">
      <Filter>Header Files</Filter>
    </ClInclude>
    <ClInclude Include="RotatingSprite.h">
      <Filter>Header Files</Filter>
    </ClInclude>
  </ItemGroup>
</Project>