<?xml version="1.0" encoding="utf-8"?>
<Project ToolsVersion="4.0" xmlns="http://schemas.microsoft.com/developer/msbuild/2003">
  <ItemGroup>
    <Filter Include="Game Files">
      <UniqueIdentifier>{cb0285a0-7d2e-4c95-959b-5b4568e8a7cd}</UniqueIdentifier>
    </Filter>
    <Filter Include="Math">
      <UniqueIdentifier>{874e513f-93ba-463e-a340-c8acc3569259}</UniqueIdentifier>
    </Filter>
    <Filter Include="IMGUI">
      <UniqueIdentifier>{21a8ac20-09c3-4ab4-83a3-34d5a81184ba}</UniqueIdentifier>
    </Filter>
    <Filter Include="Input">
      <UniqueIdentifier>{78777c5c-c938-4812-89ee-487f3a3978e3}</UniqueIdentifier>
    </Filter>
    <Filter Include="GameObjects">
      <UniqueIdentifier>{3ccf6360-f78c-42c7-8d72-7478eda10a44}</UniqueIdentifier>
    </Filter>
    <Filter Include="Singletons">
      <UniqueIdentifier>{a958dc02-1285-4214-aa4e-d304ae6bc8b3}</UniqueIdentifier>
    </Filter>
    <Filter Include="Files">
      <UniqueIdentifier>{2383489e-a44e-40ea-9200-db57cdabf263}</UniqueIdentifier>
    </Filter>
    <Filter Include="Files\Source Files">
      <UniqueIdentifier>{4FC737F1-C7A5-4376-A066-2A32D752A2FF}</UniqueIdentifier>
      <Extensions>cpp;c;cc;cxx;def;odl;idl;hpj;bat;asm;asmx</Extensions>
    </Filter>
    <Filter Include="Files\Header Files">
      <UniqueIdentifier>{93995380-89BD-4b04-88EB-625FBE52EBFB}</UniqueIdentifier>
      <Extensions>h;hh;hpp;hxx;hm;inl;inc;xsd</Extensions>
    </Filter>
  </ItemGroup>
  <ItemGroup>
    <ClInclude Include="Texture2D.h">
      <Filter>Files\Header Files</Filter>
    </ClInclude>
    <ClInclude Include="Scene.h">
      <Filter>Files\Header Files</Filter>
    </ClInclude>
    <ClInclude Include="Font.h">
      <Filter>Files\Header Files</Filter>
    </ClInclude>
    <ClInclude Include="Minigin.h">
      <Filter>Game Files</Filter>
    </ClInclude>
    <ClInclude Include="TimeManager.h">
      <Filter>Math</Filter>
    </ClInclude>
    <ClInclude Include="Transform.h">
      <Filter>Math</Filter>
    </ClInclude>
    <ClInclude Include="..\3rdParty\imgui-1.89.5\imconfig.h">
      <Filter>IMGUI</Filter>
    </ClInclude>
    <ClInclude Include="..\3rdParty\imgui-1.89.5\imgui.h">
      <Filter>IMGUI</Filter>
    </ClInclude>
    <ClInclude Include="..\3rdParty\imgui-1.89.5\imgui_internal.h">
      <Filter>IMGUI</Filter>
    </ClInclude>
    <ClInclude Include="..\3rdParty\imgui-1.89.5\imstb_rectpack.h">
      <Filter>IMGUI</Filter>
    </ClInclude>
    <ClInclude Include="..\3rdParty\imgui-1.89.5\imstb_textedit.h">
      <Filter>IMGUI</Filter>
    </ClInclude>
    <ClInclude Include="..\3rdParty\imgui-1.89.5\imstb_truetype.h">
      <Filter>IMGUI</Filter>
    </ClInclude>
    <ClInclude Include="..\3rdParty\imgui-1.89.5\backends\imgui_impl_opengl3.h">
      <Filter>IMGUI</Filter>
    </ClInclude>
    <ClInclude Include="..\3rdParty\imgui-1.89.5\backends\imgui_impl_sdl2.h">
      <Filter>IMGUI</Filter>
    </ClInclude>
    <ClInclude Include="..\3rdParty\imgui-1.89.5\imgui_plot.h">
      <Filter>IMGUI</Filter>
    </ClInclude>
    <ClInclude Include="InputManager.h">
      <Filter>Input</Filter>
    </ClInclude>
    <ClInclude Include="Controller.h">
      <Filter>Input</Filter>
    </ClInclude>
    <ClInclude Include="GameObject.h">
      <Filter>GameObjects</Filter>
    </ClInclude>
    <ClInclude Include="Subject.h">
      <Filter>GameObjects</Filter>
    </ClInclude>
    <ClInclude Include="Renderer.h">
      <Filter>Singletons</Filter>
    </ClInclude>
    <ClInclude Include="ResourceManager.h">
      <Filter>Singletons</Filter>
    </ClInclude>
    <ClInclude Include="Singleton.h">
      <Filter>Singletons</Filter>
    </ClInclude>
    <ClInclude Include="SceneManager.h">
      <Filter>Singletons</Filter>
    </ClInclude>
    <ClInclude Include="Component.h">
      <Filter>Files\Header Files</Filter>
    </ClInclude>
    <ClInclude Include="IObserver.h">
      <Filter>Files\Header Files</Filter>
    </ClInclude>
    <ClInclude Include="SteamAchievements.h">
      <Filter>Files\Header Files</Filter>
    </ClInclude>
    <ClInclude Include="AchievementsManager.h">
      <Filter>Files\Header Files</Filter>
    </ClInclude>
    <ClInclude Include="ActorComponent.h">
      <Filter>Files\Header Files</Filter>
    </ClInclude>
    <ClInclude Include="KeyboardInput.h">
      <Filter>Files\Header Files</Filter>
    </ClInclude>
    <ClInclude Include="ICommand.h">
      <Filter>Files\Header Files</Filter>
    </ClInclude>
  </ItemGroup>
  <ItemGroup>
    <ClCompile Include="Texture2D.cpp">
      <Filter>Files\Source Files</Filter>
    </ClCompile>
    <ClCompile Include="Scene.cpp">
      <Filter>Files\Source Files</Filter>
    </ClCompile>
    <ClCompile Include="Font.cpp">
      <Filter>Files\Source Files</Filter>
    </ClCompile>
    <ClCompile Include="Minigin.cpp">
      <Filter>Game Files</Filter>
    </ClCompile>
    <ClCompile Include="TimeManager.cpp">
      <Filter>Math</Filter>
    </ClCompile>
    <ClCompile Include="Transform.cpp">
      <Filter>Math</Filter>
    </ClCompile>
    <ClCompile Include="..\3rdParty\imgui-1.89.5\imgui.cpp">
      <Filter>IMGUI</Filter>
    </ClCompile>
    <ClCompile Include="..\3rdParty\imgui-1.89.5\imgui_demo.cpp">
      <Filter>IMGUI</Filter>
    </ClCompile>
    <ClCompile Include="..\3rdParty\imgui-1.89.5\imgui_draw.cpp">
      <Filter>IMGUI</Filter>
    </ClCompile>
    <ClCompile Include="..\3rdParty\imgui-1.89.5\imgui_tables.cpp">
      <Filter>IMGUI</Filter>
    </ClCompile>
    <ClCompile Include="..\3rdParty\imgui-1.89.5\imgui_widgets.cpp">
      <Filter>IMGUI</Filter>
    </ClCompile>
    <ClCompile Include="..\3rdParty\imgui-1.89.5\backends\imgui_impl_opengl3.cpp">
      <Filter>IMGUI</Filter>
    </ClCompile>
    <ClCompile Include="..\3rdParty\imgui-1.89.5\backends\imgui_impl_sdl2.cpp">
      <Filter>IMGUI</Filter>
    </ClCompile>
    <ClCompile Include="..\3rdParty\imgui-1.89.5\imgui_plot.cpp">
      <Filter>IMGUI</Filter>
    </ClCompile>
    <ClCompile Include="InputManager.cpp">
      <Filter>Input</Filter>
    </ClCompile>
    <ClCompile Include="Controller.cpp">
      <Filter>Input</Filter>
    </ClCompile>
    <ClCompile Include="GameObject.cpp">
      <Filter>GameObjects</Filter>
    </ClCompile>
    <ClCompile Include="Subject.cpp">
      <Filter>GameObjects</Filter>
    </ClCompile>
    <ClCompile Include="ResourceManager.cpp">
      <Filter>Singletons</Filter>
    </ClCompile>
    <ClCompile Include="SceneManager.cpp">
      <Filter>Singletons</Filter>
    </ClCompile>
    <ClCompile Include="Renderer.cpp">
      <Filter>Singletons</Filter>
    </ClCompile>
    <ClCompile Include="Component.cpp">
      <Filter>Files\Source Files</Filter>
    </ClCompile>
    <ClCompile Include="IObserver.cpp">
      <Filter>Files\Source Files</Filter>
    </ClCompile>
    <ClCompile Include="SteamAchievements.cpp">
      <Filter>Files\Source Files</Filter>
    </ClCompile>
    <ClCompile Include="AchievementsManager.cpp">
      <Filter>Files\Source Files</Filter>
    </ClCompile>
    <ClCompile Include="ActorComponent.cpp">
      <Filter>Files\Source Files</Filter>
    </ClCompile>
    <ClCompile Include="KeyboardInput.cpp">
      <Filter>Files\Source Files</Filter>
    </ClCompile>
    <ClCompile Include="ICommand.cpp">
      <Filter>Files\Source Files</Filter>
    </ClCompile>
  </ItemGroup>
</Project>